
Microsoft Visual Studio Solution File, Format Version 12.00
# Visual Studio Version 17
VisualStudioVersion = 17.5.002.0
MinimumVisualStudioVersion = 10.0.40219.1
Project("{9A19103F-16F7-4668-BE54-9A1E7A4F7556}") = "Vision", "Vision.csproj", "{64D7DD64-9779-4BDA-ADC5-E39E5A6969CC}"
EndProject
Global
	GlobalSection(SolutionConfigurationPlatforms) = preSolution
		Debug|Any CPU = Debug|Any CPU
		Release|Any CPU = Release|Any CPU
	EndGlobalSection
	GlobalSection(ProjectConfigurationPlatforms) = postSolution
		{64D7DD64-9779-4BDA-ADC5-E39E5A6969CC}.Debug|Any CPU.ActiveCfg = Debug|Any CPU
		{64D7DD64-9779-4BDA-ADC5-E39E5A6969CC}.Debug|Any CPU.Build.0 = Debug|Any CPU
		{64D7DD64-9779-4BDA-ADC5-E39E5A6969CC}.Release|Any CPU.ActiveCfg = Release|Any CPU
		{64D7DD64-9779-4BDA-ADC5-E39E5A6969CC}.Release|Any CPU.Build.0 = Release|Any CPU
	EndGlobalSection
	GlobalSection(SolutionProperties) = preSolution
		HideSolutionNode = FALSE
	EndGlobalSection
	GlobalSection(ExtensibilityGlobals) = postSolution
		SolutionGuid = {EAD24AF8-C5B7-4AA7-AC84-E0E150314C3B}
	EndGlobalSection
EndGlobal
